
Microsoft Visual Studio Solution File, Format Version 12.00
# Visual Studio 14
VisualStudioVersion = 14.0.25420.1
MinimumVisualStudioVersion = 10.0.40219.1
Project("{FAE04EC0-301F-11D3-BF4B-00C04F79EFBC}") = "Main", "ConnectFour\Main.csproj", "{E056E4A1-D768-4F46-86C3-1E43B226B523}"
EndProject
Project("{FAE04EC0-301F-11D3-BF4B-00C04F79EFBC}") = "PlayerVsAIMediator", "PlayerVsAIMediator\PlayerVsAIMediator.csproj", "{AC70DE08-D2A7-4767-A260-3346817A4217}"
EndProject
Project("{FAE04EC0-301F-11D3-BF4B-00C04F79EFBC}") = "AIVsAIMediator", "AIVsAIMediator\AIVsAIMediator.csproj", "{7243C7F4-CBF6-40BF-8EDD-9C77824CCEE2}"
EndProject
Project("{FAE04EC0-301F-11D3-BF4B-00C04F79EFBC}") = "Mediator", "Mediator\Mediator.csproj", "{14002E76-5B97-470B-960E-744B8D52CC2D}"
EndProject
Project("{FAE04EC0-301F-11D3-BF4B-00C04F79EFBC}") = "Player", "Player\Player.csproj", "{76DAA5A7-26BD-4C70-BF77-E75A4CF2DA62}"
EndProject
Project("{FAE04EC0-301F-11D3-BF4B-00C04F79EFBC}") = "Util", "Util\Util.csproj", "{C3262F33-0BF1-46C8-BF50-DF30B8E0A41C}"
EndProject
Project("{FAE04EC0-301F-11D3-BF4B-00C04F79EFBC}") = "ExampleBot", "ExampleBot\ExampleBot.csproj", "{E42E1286-C71D-4F8E-9866-B34F09F86653}"
EndProject
Global
	GlobalSection(SolutionConfigurationPlatforms) = preSolution
		Debug|Any CPU = Debug|Any CPU
		Release|Any CPU = Release|Any CPU
	EndGlobalSection
	GlobalSection(ProjectConfigurationPlatforms) = postSolution
		{E056E4A1-D768-4F46-86C3-1E43B226B523}.Debug|Any CPU.ActiveCfg = Debug|Any CPU
		{E056E4A1-D768-4F46-86C3-1E43B226B523}.Debug|Any CPU.Build.0 = Debug|Any CPU
		{E056E4A1-D768-4F46-86C3-1E43B226B523}.Release|Any CPU.ActiveCfg = Release|Any CPU
		{E056E4A1-D768-4F46-86C3-1E43B226B523}.Release|Any CPU.Build.0 = Release|Any CPU
		{AC70DE08-D2A7-4767-A260-3346817A4217}.Debug|Any CPU.ActiveCfg = Debug|Any CPU
		{AC70DE08-D2A7-4767-A260-3346817A4217}.Debug|Any CPU.Build.0 = Debug|Any CPU
		{AC70DE08-D2A7-4767-A260-3346817A4217}.Release|Any CPU.ActiveCfg = Release|Any CPU
		{AC70DE08-D2A7-4767-A260-3346817A4217}.Release|Any CPU.Build.0 = Release|Any CPU
		{7243C7F4-CBF6-40BF-8EDD-9C77824CCEE2}.Debug|Any CPU.ActiveCfg = Debug|Any CPU
		{7243C7F4-CBF6-40BF-8EDD-9C77824CCEE2}.Debug|Any CPU.Build.0 = Debug|Any CPU
		{7243C7F4-CBF6-40BF-8EDD-9C77824CCEE2}.Release|Any CPU.ActiveCfg = Release|Any CPU
		{7243C7F4-CBF6-40BF-8EDD-9C77824CCEE2}.Release|Any CPU.Build.0 = Release|Any CPU
		{14002E76-5B97-470B-960E-744B8D52CC2D}.Debug|Any CPU.ActiveCfg = Debug|Any CPU
		{14002E76-5B97-470B-960E-744B8D52CC2D}.Debug|Any CPU.Build.0 = Debug|Any CPU
		{14002E76-5B97-470B-960E-744B8D52CC2D}.Release|Any CPU.ActiveCfg = Release|Any CPU
		{14002E76-5B97-470B-960E-744B8D52CC2D}.Release|Any CPU.Build.0 = Release|Any CPU
		{76DAA5A7-26BD-4C70-BF77-E75A4CF2DA62}.Debug|Any CPU.ActiveCfg = Debug|Any CPU
		{76DAA5A7-26BD-4C70-BF77-E75A4CF2DA62}.Debug|Any CPU.Build.0 = Debug|Any CPU
		{76DAA5A7-26BD-4C70-BF77-E75A4CF2DA62}.Release|Any CPU.ActiveCfg = Release|Any CPU
		{76DAA5A7-26BD-4C70-BF77-E75A4CF2DA62}.Release|Any CPU.Build.0 = Release|Any CPU
		{C3262F33-0BF1-46C8-BF50-DF30B8E0A41C}.Debug|Any CPU.ActiveCfg = Debug|Any CPU
		{C3262F33-0BF1-46C8-BF50-DF30B8E0A41C}.Debug|Any CPU.Build.0 = Debug|Any CPU
		{C3262F33-0BF1-46C8-BF50-DF30B8E0A41C}.Release|Any CPU.ActiveCfg = Release|Any CPU
		{C3262F33-0BF1-46C8-BF50-DF30B8E0A41C}.Release|Any CPU.Build.0 = Release|Any CPU
		{E42E1286-C71D-4F8E-9866-B34F09F86653}.Debug|Any CPU.ActiveCfg = Debug|Any CPU
		{E42E1286-C71D-4F8E-9866-B34F09F86653}.Debug|Any CPU.Build.0 = Debug|Any CPU
		{E42E1286-C71D-4F8E-9866-B34F09F86653}.Release|Any CPU.ActiveCfg = Release|Any CPU
		{E42E1286-C71D-4F8E-9866-B34F09F86653}.Release|Any CPU.Build.0 = Release|Any CPU
	EndGlobalSection
	GlobalSection(SolutionProperties) = preSolution
		HideSolutionNode = FALSE
	EndGlobalSection
EndGlobal
